id: eventhubs_ofdm_demod
label: ofdm_demod
category: '[Event Hubs]'

templates:
  imports: import eventhubs
  make: eventhubs.ofdm_demod(${threshold})

#  Make one 'parameters' list entry for every parameter you want settable from the GUI.
#     Keys include:
#     * id (makes the value accessible as keyname, e.g. in the make entry)
#     * label (label shown in the GUI)
#     * dtype (e.g. int, float, complex, byte, short, xxx_vector, ...)
parameters:
- id: threshold
  label: threshold
  dtype: float
  default: 0.35

inputs:
- label: cor
  domain: stream
  dtype: float
  vlen: 1
- label: input
  domain: stream
  dtype: complex
  vlen: 1
- label: detections
  domain: message


outputs:
- label: freq
  domain: message
- label: output
  domain: stream
  dtype: complex
  vlen: 1

#  'file_format' specifies the version of the GRC yml format used in the file
#  and should usually not be changed.
file_format: 1
