id: eventhub_sink
label: EventHub Sink
category: '[Event Hubs]'
flags: [ show_id, python ]

templates:
  imports: import eventhubs
  make: eventhubs.eventhub_sink(${connection_str}, ${endpoint}, ${schema_group}, ${eventhub_name}, ${block_len})

parameters:
- id: connection_str
  label: Connection String
  dtype: string
  default: ''
- id: endpoint
  label: Endpoint
  dtype: string
  default: '' 
- id: schema_group
  label: Schema Group
  dtype: string
  default: ''
- id: eventhub_name
  label: Event Hub Name
  dtype: string
  default: '' 
- id: block_len
  label: Block Length
  dtype: int
  default: 512

inputs:
- label: in
  domain: stream
  dtype: complex
  vlen: 1


file_format: 1
